
Microsoft Visual Studio Solution File, Format Version 12.00
# Visual Studio Version 17
VisualStudioVersion = 17.2.32616.157
MinimumVisualStudioVersion = 10.0.40219.1
Project("{FAE04EC0-301F-11D3-BF4B-00C04F79EFBC}") = "Lofi_API", "Lofi_API\Lofi_API.csproj", "{17FCAD89-33B1-4B01-BAC0-D54B6720AB53}"
EndProject
Global
	GlobalSection(SolutionConfigurationPlatforms) = preSolution
		Debug|Any CPU = Debug|Any CPU
		Release|Any CPU = Release|Any CPU
	EndGlobalSection
	GlobalSection(ProjectConfigurationPlatforms) = postSolution
		{17FCAD89-33B1-4B01-BAC0-D54B6720AB53}.Debug|Any CPU.ActiveCfg = Debug|Any CPU
		{17FCAD89-33B1-4B01-BAC0-D54B6720AB53}.Debug|Any CPU.Build.0 = Debug|Any CPU
		{17FCAD89-33B1-4B01-BAC0-D54B6720AB53}.Release|Any CPU.ActiveCfg = Release|Any CPU
		{17FCAD89-33B1-4B01-BAC0-D54B6720AB53}.Release|Any CPU.Build.0 = Release|Any CPU
	EndGlobalSection
	GlobalSection(SolutionProperties) = preSolution
		HideSolutionNode = FALSE
	EndGlobalSection
	GlobalSection(ExtensibilityGlobals) = postSolution
		SolutionGuid = {19DF0E98-99D0-4EE0-AAD6-D175B5936BF8}
	EndGlobalSection
EndGlobal
